
Microsoft Visual Studio Solution File, Format Version 12.00
# Visual Studio Version 17
VisualStudioVersion = 17.8.34322.80
MinimumVisualStudioVersion = 10.0.40219.1
Project("{9A19103F-16F7-4668-BE54-9A1E7A4F7556}") = "InventoryConsoleVer", "InventoryConsoleVer\InventoryConsoleVer.csproj", "{FF56E07F-B36D-423B-AC67-FE42A5BD630C}"
EndProject
Global
	GlobalSection(SolutionConfigurationPlatforms) = preSolution
		Debug|Any CPU = Debug|Any CPU
		Release|Any CPU = Release|Any CPU
	EndGlobalSection
	GlobalSection(ProjectConfigurationPlatforms) = postSolution
		{FF56E07F-B36D-423B-AC67-FE42A5BD630C}.Debug|Any CPU.ActiveCfg = Debug|Any CPU
		{FF56E07F-B36D-423B-AC67-FE42A5BD630C}.Debug|Any CPU.Build.0 = Debug|Any CPU
		{FF56E07F-B36D-423B-AC67-FE42A5BD630C}.Release|Any CPU.ActiveCfg = Release|Any CPU
		{FF56E07F-B36D-423B-AC67-FE42A5BD630C}.Release|Any CPU.Build.0 = Release|Any CPU
	EndGlobalSection
	GlobalSection(SolutionProperties) = preSolution
		HideSolutionNode = FALSE
	EndGlobalSection
	GlobalSection(ExtensibilityGlobals) = postSolution
		SolutionGuid = {2D07422E-7618-4DBB-807F-B591F08EEF5C}
	EndGlobalSection
EndGlobal
